// !$*UTF8*$!
{
	archiveVersion = 1;
	classes = {
	};
	objectVersion = 77;
	objects = {

/* Begin PBXBuildFile section */
		5E55B2692F30A44D00B04C0C /* Starscream in Frameworks */ = {isa = PBXBuildFile; productRef = 5E55B2682F30A44D00B04C0C /* Starscream */; };
		5EB3B75F2F31A16C00147C19 /* MarkdownUI in Frameworks */ = {isa = PBXBuildFile; productRef = 5EB3B75E2F31A16C00147C19 /* MarkdownUI */; };
/* End PBXBuildFile section */

/* Begin PBXContainerItemProxy section */
		5EDD13BC2F30420F00F1C3D3 /* PBXContainerItemProxy */ = {
			isa = PBXContainerItemProxy;
			containerPortal = 5EDD13A42F30420D00F1C3D3 /* Project object */;
			proxyType = 1;
			remoteGlobalIDString = 5EDD13AB2F30420D00F1C3D3;
			remoteInfo = AgentSkillsHub;
		};
		5EDD13C62F30420F00F1C3D3 /* PBXContainerItemProxy */ = {
			isa = PBXContainerItemProxy;
			containerPortal = 5EDD13A42F30420D00F1C3D3 /* Project object */;
			proxyType = 1;
			remoteGlobalIDString = 5EDD13AB2F30420D00F1C3D3;
			remoteInfo = AgentSkillsHub;
		};
/* End PBXContainerItemProxy section */

/* Begin PBXFileReference section */
		5EDD13AC2F30420D00F1C3D3 /* AgentSkillsHub.app */ = {isa = PBXFileReference; explicitFileType = wrapper.application; includeInIndex = 0; path = AgentSkillsHub.app; sourceTree = BUILT_PRODUCTS_DIR; };
		5EDD13BB2F30420F00F1C3D3 /* AgentSkillsHubTests.xctest */ = {isa = PBXFileReference; explicitFileType = wrapper.cfbundle; includeInIndex = 0; path = AgentSkillsHubTests.xctest; sourceTree = BUILT_PRODUCTS_DIR; };
		5EDD13C52F30420F00F1C3D3 /* AgentSkillsHubUITests.xctest */ = {isa = PBXFileReference; explicitFileType = wrapper.cfbundle; includeInIndex = 0; path = AgentSkillsHubUITests.xctest; sourceTree = BUILT_PRODUCTS_DIR; };
/* End PBXFileReference section */

/* Begin PBXFileSystemSynchronizedBuildFileExceptionSet section */
		5EB3B8242F31D12C00147C19 /* Exceptions for "AgentSkillsHubTests" folder in "AgentSkillsHubTests" target */ = {
			isa = PBXFileSystemSynchronizedBuildFileExceptionSet;
			membershipExceptions = (
				Info.plist,
			);
			target = 5EDD13BA2F30420F00F1C3D3 /* AgentSkillsHubTests */;
		};
/* End PBXFileSystemSynchronizedBuildFileExceptionSet section */

/* Begin PBXFileSystemSynchronizedRootGroup section */
		5EDD13AE2F30420D00F1C3D3 /* AgentSkillsHub */ = {
			isa = PBXFileSystemSynchronizedRootGroup;
			path = AgentSkillsHub;
			sourceTree = "<group>";
		};
		5EDD13BE2F30420F00F1C3D3 /* AgentSkillsHubTests */ = {
			isa = PBXFileSystemSynchronizedRootGroup;
			exceptions = (
				5EB3B8242F31D12C00147C19 /* Exceptions for "AgentSkillsHubTests" folder in "AgentSkillsHubTests" target */,
			);
			path = AgentSkillsHubTests;
			sourceTree = "<group>";
		};
		5EDD13C82F30420F00F1C3D3 /* AgentSkillsHubUITests */ = {
			isa = PBXFileSystemSynchronizedRootGroup;
			path = AgentSkillsHubUITests;
			sourceTree = "<group>";
		};
/* End PBXFileSystemSynchronizedRootGroup section */

/* Begin PBXFrameworksBuildPhase section */
		5EDD13A92F30420D00F1C3D3 /* Frameworks */ = {
			isa = PBXFrameworksBuildPhase;
			buildActionMask = 2147483647;
			files = (
				5E55B2692F30A44D00B04C0C /* Starscream in Frameworks */,
				5EB3B75F2F31A16C00147C19 /* MarkdownUI in Frameworks */,
			);
			runOnlyForDeploymentPostprocessing = 0;
		};
		5EDD13B82F30420F00F1C3D3 /* Frameworks */ = {
			isa = PBXFrameworksBuildPhase;
			buildActionMask = 2147483647;
			files = (
			);
			runOnlyForDeploymentPostprocessing = 0;
		};
		5EDD13C22F30420F00F1C3D3 /* Frameworks */ = {
			isa = PBXFrameworksBuildPhase;
			buildActionMask = 2147483647;
			files = (
			);
			runOnlyForDeploymentPostprocessing = 0;
		};
/* End PBXFrameworksBuildPhase section */

/* Begin PBXGroup section */
		5EDD13A32F30420D00F1C3D3 = {
			isa = PBXGroup;
			children = (
				5EDD13AE2F30420D00F1C3D3 /* AgentSkillsHub */,
				5EDD13BE2F30420F00F1C3D3 /* AgentSkillsHubTests */,
				5EDD13C82F30420F00F1C3D3 /* AgentSkillsHubUITests */,
				5EDD13AD2F30420D00F1C3D3 /* Products */,
			);
			sourceTree = "<group>";
		};
		5EDD13AD2F30420D00F1C3D3 /* Products */ = {
			isa = PBXGroup;
			children = (
				5EDD13AC2F30420D00F1C3D3 /* AgentSkillsHub.app */,
				5EDD13BB2F30420F00F1C3D3 /* AgentSkillsHubTests.xctest */,
				5EDD13C52F30420F00F1C3D3 /* AgentSkillsHubUITests.xctest */,
			);
			name = Products;
			sourceTree = "<group>";
		};
/* End PBXGroup section */

/* Begin PBXNativeTarget section */
		5EDD13AB2F30420D00F1C3D3 /* AgentSkillsHub */ = {
			isa = PBXNativeTarget;
			buildConfigurationList = 5EDD13CF2F30420F00F1C3D3 /* Build configuration list for PBXNativeTarget "AgentSkillsHub" */;
			buildPhases = (
				5EDD13A82F30420D00F1C3D3 /* Sources */,
				5EDD13A92F30420D00F1C3D3 /* Frameworks */,
				5EDD13AA2F30420D00F1C3D3 /* Resources */,
			);
			buildRules = (
			);
			dependencies = (
			);
			fileSystemSynchronizedGroups = (
				5EDD13AE2F30420D00F1C3D3 /* AgentSkillsHub */,
			);
			name = AgentSkillsHub;
			packageProductDependencies = (
				5E55B2682F30A44D00B04C0C /* Starscream */,
				5EB3B75E2F31A16C00147C19 /* MarkdownUI */,
			);
			productName = AgentSkillsHub;
			productReference = 5EDD13AC2F30420D00F1C3D3 /* AgentSkillsHub.app */;
			productType = "com.apple.product-type.application";
		};
		5EDD13BA2F30420F00F1C3D3 /* AgentSkillsHubTests */ = {
			isa = PBXNativeTarget;
			buildConfigurationList = 5EDD13D22F30420F00F1C3D3 /* Build configuration list for PBXNativeTarget "AgentSkillsHubTests" */;
			buildPhases = (
				5EDD13B72F30420F00F1C3D3 /* Sources */,
				5EDD13B82F30420F00F1C3D3 /* Frameworks */,
				5EDD13B92F30420F00F1C3D3 /* Resources */,
			);
			buildRules = (
			);
			dependencies = (
				5EDD13BD2F30420F00F1C3D3 /* PBXTargetDependency */,
			);
			fileSystemSynchronizedGroups = (
				5EDD13BE2F30420F00F1C3D3 /* AgentSkillsHubTests */,
			);
			name = AgentSkillsHubTests;
			packageProductDependencies = (
			);
			productName = AgentSkillsHubTests;
			productReference = 5EDD13BB2F30420F00F1C3D3 /* AgentSkillsHubTests.xctest */;
			productType = "com.apple.product-type.bundle.unit-test";
		};
		5EDD13C42F30420F00F1C3D3 /* AgentSkillsHubUITests */ = {
			isa = PBXNativeTarget;
			buildConfigurationList = 5EDD13D52F30420F00F1C3D3 /* Build configuration list for PBXNativeTarget "AgentSkillsHubUITests" */;
			buildPhases = (
				5EDD13C12F30420F00F1C3D3 /* Sources */,
				5EDD13C22F30420F00F1C3D3 /* Frameworks */,
				5EDD13C32F30420F00F1C3D3 /* Resources */,
			);
			buildRules = (
			);
			dependencies = (
				5EDD13C72F30420F00F1C3D3 /* PBXTargetDependency */,
			);
			fileSystemSynchronizedGroups = (
				5EDD13C82F30420F00F1C3D3 /* AgentSkillsHubUITests */,
			);
			name = AgentSkillsHubUITests;
			packageProductDependencies = (
			);
			productName = AgentSkillsHubUITests;
			productReference = 5EDD13C52F30420F00F1C3D3 /* AgentSkillsHubUITests.xctest */;
			productType = "com.apple.product-type.bundle.ui-testing";
		};
/* End PBXNativeTarget section */

/* Begin PBXProject section */
		5EDD13A42F30420D00F1C3D3 /* Project object */ = {
			isa = PBXProject;
			attributes = {
				BuildIndependentTargetsInParallel = 1;
				LastSwiftUpdateCheck = 2620;
				LastUpgradeCheck = 2620;
				TargetAttributes = {
					5EDD13AB2F30420D00F1C3D3 = {
						CreatedOnToolsVersion = 26.2;
					};
					5EDD13BA2F30420F00F1C3D3 = {
						CreatedOnToolsVersion = 26.2;
						TestTargetID = 5EDD13AB2F30420D00F1C3D3;
					};
					5EDD13C42F30420F00F1C3D3 = {
						CreatedOnToolsVersion = 26.2;
						TestTargetID = 5EDD13AB2F30420D00F1C3D3;
					};
				};
			};
			buildConfigurationList = 5EDD13A72F30420D00F1C3D3 /* Build configuration list for PBXProject "AgentSkillsHub" */;
			developmentRegion = en;
			hasScannedForEncodings = 0;
			knownRegions = (
				en,
				Base,
			);
			mainGroup = 5EDD13A32F30420D00F1C3D3;
			minimizedProjectReferenceProxies = 1;
			packageReferences = (
				5E55B2672F30A44D00B04C0C /* XCRemoteSwiftPackageReference "Starscream" */,
				5EB3B75D2F31A16C00147C19 /* XCRemoteSwiftPackageReference "swift-markdown-ui" */,
			);
			preferredProjectObjectVersion = 77;
			productRefGroup = 5EDD13AD2F30420D00F1C3D3 /* Products */;
			projectDirPath = "";
			projectRoot = "";
			targets = (
				5EDD13AB2F30420D00F1C3D3 /* AgentSkillsHub */,
				5EDD13BA2F30420F00F1C3D3 /* AgentSkillsHubTests */,
				5EDD13C42F30420F00F1C3D3 /* AgentSkillsHubUITests */,
			);
		};
/* End PBXProject section */

/* Begin PBXResourcesBuildPhase section */
		5EDD13AA2F30420D00F1C3D3 /* Resources */ = {
			isa = PBXResourcesBuildPhase;
			buildActionMask = 2147483647;
			files = (
			);
			runOnlyForDeploymentPostprocessing = 0;
		};
		5EDD13B92F30420F00F1C3D3 /* Resources */ = {
			isa = PBXResourcesBuildPhase;
			buildActionMask = 2147483647;
			files = (
			);
			runOnlyForDeploymentPostprocessing = 0;
		};
		5EDD13C32F30420F00F1C3D3 /* Resources */ = {
			isa = PBXResourcesBuildPhase;
			buildActionMask = 2147483647;
			files = (
			);
			runOnlyForDeploymentPostprocessing = 0;
		};
/* End PBXResourcesBuildPhase section */

/* Begin PBXSourcesBuildPhase section */
		5EDD13A82F30420D00F1C3D3 /* Sources */ = {
			isa = PBXSourcesBuildPhase;
			buildActionMask = 2147483647;
			files = (
			);
			runOnlyForDeploymentPostprocessing = 0;
		};
		5EDD13B72F30420F00F1C3D3 /* Sources */ = {
			isa = PBXSourcesBuildPhase;
			buildActionMask = 2147483647;
			files = (
			);
			runOnlyForDeploymentPostprocessing = 0;
		};
		5EDD13C12F30420F00F1C3D3 /* Sources */ = {
			isa = PBXSourcesBuildPhase;
			buildActionMask = 2147483647;
			files = (
			);
			runOnlyForDeploymentPostprocessing = 0;
		};
/* End PBXSourcesBuildPhase section */

/* Begin PBXTargetDependency section */
		5EDD13BD2F30420F00F1C3D3 /* PBXTargetDependency */ = {
			isa = PBXTargetDependency;
			target = 5EDD13AB2F30420D00F1C3D3 /* AgentSkillsHub */;
			targetProxy = 5EDD13BC2F30420F00F1C3D3 /* PBXContainerItemProxy */;
		};
		5EDD13C72F30420F00F1C3D3 /* PBXTargetDependency */ = {
			isa = PBXTargetDependency;
			target = 5EDD13AB2F30420D00F1C3D3 /* AgentSkillsHub */;
			targetProxy = 5EDD13C62F30420F00F1C3D3 /* PBXContainerItemProxy */;
		};
/* End PBXTargetDependency section */

/* Begin XCBuildConfiguration section */
		5EDD13CD2F30420F00F1C3D3 /* Debug */ = {
			isa = XCBuildConfiguration;
			buildSettings = {
				ALWAYS_SEARCH_USER_PATHS = NO;
				ASSETCATALOG_COMPILER_GENERATE_SWIFT_ASSET_SYMBOL_EXTENSIONS = YES;
				CLANG_ANALYZER_NONNULL = YES;
				CLANG_ANALYZER_NUMBER_OBJECT_CONVERSION = YES_AGGRESSIVE;
				CLANG_CXX_LANGUAGE_STANDARD = "gnu++20";
				CLANG_ENABLE_MODULES = YES;
				CLANG_ENABLE_OBJC_ARC = YES;
				CLANG_ENABLE_OBJC_WEAK = YES;
				CLANG_WARN_BLOCK_CAPTURE_AUTORELEASING = YES;
				CLANG_WARN_BOOL_CONVERSION = YES;
				CLANG_WARN_COMMA = YES;
				CLANG_WARN_CONSTANT_CONVERSION = YES;
				CLANG_WARN_DEPRECATED_OBJC_IMPLEMENTATIONS = YES;
				CLANG_WARN_DIRECT_OBJC_ISA_USAGE = YES_ERROR;
				CLANG_WARN_DOCUMENTATION_COMMENTS = YES;
				CLANG_WARN_EMPTY_BODY = YES;
				CLANG_WARN_ENUM_CONVERSION = YES;
				CLANG_WARN_INFINITE_RECURSION = YES;
				CLANG_WARN_INT_CONVERSION = YES;
				CLANG_WARN_NON_LITERAL_NULL_CONVERSION = YES;
				CLANG_WARN_OBJC_IMPLICIT_RETAIN_SELF = YES;
				CLANG_WARN_OBJC_LITERAL_CONVERSION = YES;
				CLANG_WARN_OBJC_ROOT_CLASS = YES_ERROR;
				CLANG_WARN_QUOTED_INCLUDE_IN_FRAMEWORK_HEADER = YES;
				CLANG_WARN_RANGE_LOOP_ANALYSIS = YES;
				CLANG_WARN_STRICT_PROTOTYPES = YES;
				CLANG_WARN_SUSPICIOUS_MOVE = YES;
				CLANG_WARN_UNGUARDED_AVAILABILITY = YES_AGGRESSIVE;
				CLANG_WARN_UNREACHABLE_CODE = YES;
				CLANG_WARN__DUPLICATE_METHOD_MATCH = YES;
				COPY_PHASE_STRIP = NO;
				DEBUG_INFORMATION_FORMAT = dwarf;
				DEVELOPMENT_TEAM = LV64HGL83H;
				ENABLE_STRICT_OBJC_MSGSEND = YES;
				ENABLE_TESTABILITY = YES;
				ENABLE_USER_SCRIPT_SANDBOXING = YES;
				GCC_C_LANGUAGE_STANDARD = gnu17;
				GCC_DYNAMIC_NO_PIC = NO;
				GCC_NO_COMMON_BLOCKS = YES;
				GCC_OPTIMIZATION_LEVEL = 0;
				GCC_PREPROCESSOR_DEFINITIONS = (
					"DEBUG=1",
					"$(inherited)",
				);
				GCC_WARN_64_TO_32_BIT_CONVERSION = YES;
				GCC_WARN_ABOUT_RETURN_TYPE = YES_ERROR;
				GCC_WARN_UNDECLARED_SELECTOR = YES;
				GCC_WARN_UNINITIALIZED_AUTOS = YES_AGGRESSIVE;
				GCC_WARN_UNUSED_FUNCTION = YES;
				GCC_WARN_UNUSED_VARIABLE = YES;
				LOCALIZATION_PREFERS_STRING_CATALOGS = YES;
				MACOSX_DEPLOYMENT_TARGET = 26.2;
				MTL_ENABLE_DEBUG_INFO = INCLUDE_SOURCE;
				MTL_FAST_MATH = YES;
				ONLY_ACTIVE_ARCH = YES;
				SDKROOT = macosx;
				SWIFT_ACTIVE_COMPILATION_CONDITIONS = "DEBUG $(inherited)";
				SWIFT_OPTIMIZATION_LEVEL = "-Onone";
			};
			name = Debug;
		};
		5EDD13CE2F30420F00F1C3D3 /* Release */ = {
			isa = XCBuildConfiguration;
			buildSettings = {
				ALWAYS_SEARCH_USER_PATHS = NO;
				ASSETCATALOG_COMPILER_GENERATE_SWIFT_ASSET_SYMBOL_EXTENSIONS = YES;
				CLANG_ANALYZER_NONNULL = YES;
				CLANG_ANALYZER_NUMBER_OBJECT_CONVERSION = YES_AGGRESSIVE;
				CLANG_CXX_LANGUAGE_STANDARD = "gnu++20";
				CLANG_ENABLE_MODULES = YES;
				CLANG_ENABLE_OBJC_ARC = YES;
				CLANG_ENABLE_OBJC_WEAK = YES;
				CLANG_WARN_BLOCK_CAPTURE_AUTORELEASING = YES;
				CLANG_WARN_BOOL_CONVERSION = YES;
				CLANG_WARN_COMMA = YES;
				CLANG_WARN_CONSTANT_CONVERSION = YES;
				CLANG_WARN_DEPRECATED_OBJC_IMPLEMENTATIONS = YES;
				CLANG_WARN_DIRECT_OBJC_ISA_USAGE = YES_ERROR;
				CLANG_WARN_DOCUMENTATION_COMMENTS = YES;
				CLANG_WARN_EMPTY_BODY = YES;
				CLANG_WARN_ENUM_CONVERSION = YES;
				CLANG_WARN_INFINITE_RECURSION = YES;
				CLANG_WARN_INT_CONVERSION = YES;
				CLANG_WARN_NON_LITERAL_NULL_CONVERSION = YES;
				CLANG_WARN_OBJC_IMPLICIT_RETAIN_SELF = YES;
				CLANG_WARN_OBJC_LITERAL_CONVERSION = YES;
				CLANG_WARN_OBJC_ROOT_CLASS = YES_ERROR;
				CLANG_WARN_QUOTED_INCLUDE_IN_FRAMEWORK_HEADER = YES;
				CLANG_WARN_RANGE_LOOP_ANALYSIS = YES;
				CLANG_WARN_STRICT_PROTOTYPES = YES;
				CLANG_WARN_SUSPICIOUS_MOVE = YES;
				CLANG_WARN_UNGUARDED_AVAILABILITY = YES_AGGRESSIVE;
				CLANG_WARN_UNREACHABLE_CODE = YES;
				CLANG_WARN__DUPLICATE_METHOD_MATCH = YES;
				COPY_PHASE_STRIP = NO;
				DEBUG_INFORMATION_FORMAT = "dwarf-with-dsym";
				DEVELOPMENT_TEAM = LV64HGL83H;
				ENABLE_NS_ASSERTIONS = NO;
				ENABLE_STRICT_OBJC_MSGSEND = YES;
				ENABLE_USER_SCRIPT_SANDBOXING = YES;
				GCC_C_LANGUAGE_STANDARD = gnu17;
				GCC_NO_COMMON_BLOCKS = YES;
				GCC_WARN_64_TO_32_BIT_CONVERSION = YES;
				GCC_WARN_ABOUT_RETURN_TYPE = YES_ERROR;
				GCC_WARN_UNDECLARED_SELECTOR = YES;
				GCC_WARN_UNINITIALIZED_AUTOS = YES_AGGRESSIVE;
				GCC_WARN_UNUSED_FUNCTION = YES;
				GCC_WARN_UNUSED_VARIABLE = YES;
				LOCALIZATION_PREFERS_STRING_CATALOGS = YES;
				MACOSX_DEPLOYMENT_TARGET = 26.2;
				MTL_ENABLE_DEBUG_INFO = NO;
				MTL_FAST_MATH = YES;
				SDKROOT = macosx;
				SWIFT_COMPILATION_MODE = wholemodule;
			};
			name = Release;
		};
		5EDD13D02F30420F00F1C3D3 /* Debug */ = {
			isa = XCBuildConfiguration;
			buildSettings = {
				ASSETCATALOG_COMPILER_APPICON_NAME = AppIcon;
				ASSETCATALOG_COMPILER_GLOBAL_ACCENT_COLOR_NAME = AccentColor;
				CODE_SIGN_IDENTITY = "Apple Development";
				"CODE_SIGN_IDENTITY[sdk=macosx*]" = "-";
				CODE_SIGN_STYLE = Automatic;
				COMBINE_HIDPI_IMAGES = YES;
				CURRENT_PROJECT_VERSION = 2;
				DEVELOPMENT_TEAM = LV64HGL83H;
				ENABLE_APP_SANDBOX = NO;
				ENABLE_HARDENED_RUNTIME = YES;
				ENABLE_PREVIEWS = YES;
				GENERATE_INFOPLIST_FILE = YES;
				INFOPLIST_KEY_CFBundleDisplayName = "Hub for Agent Skills";
				INFOPLIST_KEY_LSApplicationCategoryType = "public.app-category.utilities";
				INFOPLIST_KEY_NSHumanReadableCopyright = "";
				LD_RUNPATH_SEARCH_PATHS = (
					"$(inherited)",
					"@executable_path/../Frameworks",
				);
				MACOSX_DEPLOYMENT_TARGET = 26.0;
				MARKETING_VERSION = 1.0;
				PRODUCT_BUNDLE_IDENTIFIER = com.zy.AgentSkillsHub;
				PRODUCT_NAME = "$(TARGET_NAME)";
				PROVISIONING_PROFILE_SPECIFIER = "";
				REGISTER_APP_GROUPS = YES;
				STRING_CATALOG_GENERATE_SYMBOLS = YES;
				SWIFT_APPROACHABLE_CONCURRENCY = YES;
				SWIFT_DEFAULT_ACTOR_ISOLATION = MainActor;
				SWIFT_EMIT_LOC_STRINGS = YES;
				SWIFT_UPCOMING_FEATURE_MEMBER_IMPORT_VISIBILITY = YES;
				SWIFT_VERSION = 5.0;
			};
			name = Debug;
		};
		5EDD13D12F30420F00F1C3D3 /* Release */ = {
			isa = XCBuildConfiguration;
			buildSettings = {
				ASSETCATALOG_COMPILER_APPICON_NAME = AppIcon;
				ASSETCATALOG_COMPILER_GLOBAL_ACCENT_COLOR_NAME = AccentColor;
				CODE_SIGN_IDENTITY = "Apple Development";
				"CODE_SIGN_IDENTITY[sdk=macosx*]" = "-";
				CODE_SIGN_STYLE = Automatic;
				COMBINE_HIDPI_IMAGES = YES;
				CURRENT_PROJECT_VERSION = 2;
				DEVELOPMENT_TEAM = LV64HGL83H;
				ENABLE_APP_SANDBOX = NO;
				ENABLE_HARDENED_RUNTIME = YES;
				ENABLE_PREVIEWS = YES;
				GENERATE_INFOPLIST_FILE = YES;
				INFOPLIST_KEY_CFBundleDisplayName = "Hub for Agent Skills";
				INFOPLIST_KEY_LSApplicationCategoryType = "public.app-category.utilities";
				INFOPLIST_KEY_NSHumanReadableCopyright = "";
				LD_RUNPATH_SEARCH_PATHS = (
					"$(inherited)",
					"@executable_path/../Frameworks",
				);
				MACOSX_DEPLOYMENT_TARGET = 26.0;
				MARKETING_VERSION = 1.0;
				PRODUCT_BUNDLE_IDENTIFIER = com.zy.AgentSkillsHub;
				PRODUCT_NAME = "$(TARGET_NAME)";
				PROVISIONING_PROFILE_SPECIFIER = "";
				REGISTER_APP_GROUPS = YES;
				STRING_CATALOG_GENERATE_SYMBOLS = YES;
				SWIFT_APPROACHABLE_CONCURRENCY = YES;
				SWIFT_DEFAULT_ACTOR_ISOLATION = MainActor;
				SWIFT_EMIT_LOC_STRINGS = YES;
				SWIFT_UPCOMING_FEATURE_MEMBER_IMPORT_VISIBILITY = YES;
				SWIFT_VERSION = 5.0;
			};
			name = Release;
		};
		5EDD13D32F30420F00F1C3D3 /* Debug */ = {
			isa = XCBuildConfiguration;
			buildSettings = {
				BUNDLE_LOADER = "$(TEST_HOST)";
				CODE_SIGN_STYLE = Automatic;
				CURRENT_PROJECT_VERSION = 1;
				DEVELOPMENT_TEAM = LV64HGL83H;
				GENERATE_INFOPLIST_FILE = YES;
				INFOPLIST_FILE = AgentSkillsHubTests/Info.plist;
				MACOSX_DEPLOYMENT_TARGET = 26.2;
				MARKETING_VERSION = 1.0;
				PRODUCT_BUNDLE_IDENTIFIER = com.zy.AgentSkillsHubTests;
				PRODUCT_NAME = "$(TARGET_NAME)";
				STRING_CATALOG_GENERATE_SYMBOLS = NO;
				SWIFT_APPROACHABLE_CONCURRENCY = YES;
				SWIFT_EMIT_LOC_STRINGS = NO;
				SWIFT_UPCOMING_FEATURE_MEMBER_IMPORT_VISIBILITY = YES;
				SWIFT_VERSION = 5.0;
				TEST_HOST = "$(BUILT_PRODUCTS_DIR)/AgentSkillsHub.app/$(BUNDLE_EXECUTABLE_FOLDER_PATH)/AgentSkillsHub";
			};
			name = Debug;
		};
		5EDD13D42F30420F00F1C3D3 /* Release */ = {
			isa = XCBuildConfiguration;
			buildSettings = {
				BUNDLE_LOADER = "$(TEST_HOST)";
				CODE_SIGN_STYLE = Automatic;
				CURRENT_PROJECT_VERSION = 1;
				DEVELOPMENT_TEAM = LV64HGL83H;
				GENERATE_INFOPLIST_FILE = YES;
				INFOPLIST_FILE = AgentSkillsHubTests/Info.plist;
				MACOSX_DEPLOYMENT_TARGET = 26.2;
				MARKETING_VERSION = 1.0;
				PRODUCT_BUNDLE_IDENTIFIER = com.zy.AgentSkillsHubTests;
				PRODUCT_NAME = "$(TARGET_NAME)";
				STRING_CATALOG_GENERATE_SYMBOLS = NO;
				SWIFT_APPROACHABLE_CONCURRENCY = YES;
				SWIFT_EMIT_LOC_STRINGS = NO;
				SWIFT_UPCOMING_FEATURE_MEMBER_IMPORT_VISIBILITY = YES;
				SWIFT_VERSION = 5.0;
				TEST_HOST = "$(BUILT_PRODUCTS_DIR)/AgentSkillsHub.app/$(BUNDLE_EXECUTABLE_FOLDER_PATH)/AgentSkillsHub";
			};
			name = Release;
		};
		5EDD13D62F30420F00F1C3D3 /* Debug */ = {
			isa = XCBuildConfiguration;
			buildSettings = {
				CODE_SIGN_STYLE = Automatic;
				CURRENT_PROJECT_VERSION = 1;
				DEVELOPMENT_TEAM = LV64HGL83H;
				GENERATE_INFOPLIST_FILE = YES;
				MARKETING_VERSION = 1.0;
				PRODUCT_BUNDLE_IDENTIFIER = com.zy.AgentSkillsHubUITests;
				PRODUCT_NAME = "$(TARGET_NAME)";
				STRING_CATALOG_GENERATE_SYMBOLS = NO;
				SWIFT_APPROACHABLE_CONCURRENCY = YES;
				SWIFT_EMIT_LOC_STRINGS = NO;
				SWIFT_UPCOMING_FEATURE_MEMBER_IMPORT_VISIBILITY = YES;
				SWIFT_VERSION = 5.0;
				TEST_TARGET_NAME = AgentSkillsHub;
			};
			name = Debug;
		};
		5EDD13D72F30420F00F1C3D3 /* Release */ = {
			isa = XCBuildConfiguration;
			buildSettings = {
				CODE_SIGN_STYLE = Automatic;
				CURRENT_PROJECT_VERSION = 1;
				DEVELOPMENT_TEAM = LV64HGL83H;
				GENERATE_INFOPLIST_FILE = YES;
				MARKETING_VERSION = 1.0;
				PRODUCT_BUNDLE_IDENTIFIER = com.zy.AgentSkillsHubUITests;
				PRODUCT_NAME = "$(TARGET_NAME)";
				STRING_CATALOG_GENERATE_SYMBOLS = NO;
				SWIFT_APPROACHABLE_CONCURRENCY = YES;
				SWIFT_EMIT_LOC_STRINGS = NO;
				SWIFT_UPCOMING_FEATURE_MEMBER_IMPORT_VISIBILITY = YES;
				SWIFT_VERSION = 5.0;
				TEST_TARGET_NAME = AgentSkillsHub;
			};
			name = Release;
		};
/* End XCBuildConfiguration section */

/* Begin XCConfigurationList section */
		5EDD13A72F30420D00F1C3D3 /* Build configuration list for PBXProject "AgentSkillsHub" */ = {
			isa = XCConfigurationList;
			buildConfigurations = (
				5EDD13CD2F30420F00F1C3D3 /* Debug */,
				5EDD13CE2F30420F00F1C3D3 /* Release */,
			);
			defaultConfigurationIsVisible = 0;
			defaultConfigurationName = Release;
		};
		5EDD13CF2F30420F00F1C3D3 /* Build configuration list for PBXNativeTarget "AgentSkillsHub" */ = {
			isa = XCConfigurationList;
			buildConfigurations = (
				5EDD13D02F30420F00F1C3D3 /* Debug */,
				5EDD13D12F30420F00F1C3D3 /* Release */,
			);
			defaultConfigurationIsVisible = 0;
			defaultConfigurationName = Release;
		};
		5EDD13D22F30420F00F1C3D3 /* Build configuration list for PBXNativeTarget "AgentSkillsHubTests" */ = {
			isa = XCConfigurationList;
			buildConfigurations = (
				5EDD13D32F30420F00F1C3D3 /* Debug */,
				5EDD13D42F30420F00F1C3D3 /* Release */,
			);
			defaultConfigurationIsVisible = 0;
			defaultConfigurationName = Release;
		};
		5EDD13D52F30420F00F1C3D3 /* Build configuration list for PBXNativeTarget "AgentSkillsHubUITests" */ = {
			isa = XCConfigurationList;
			buildConfigurations = (
				5EDD13D62F30420F00F1C3D3 /* Debug */,
				5EDD13D72F30420F00F1C3D3 /* Release */,
			);
			defaultConfigurationIsVisible = 0;
			defaultConfigurationName = Release;
		};
/* End XCConfigurationList section */

/* Begin XCRemoteSwiftPackageReference section */
		5E55B2672F30A44D00B04C0C /* XCRemoteSwiftPackageReference "Starscream" */ = {
			isa = XCRemoteSwiftPackageReference;
			repositoryURL = "https://github.com/daltoniam/Starscream.git";
			requirement = {
				kind = upToNextMajorVersion;
				minimumVersion = 4.0.8;
			};
		};
		5EB3B75D2F31A16C00147C19 /* XCRemoteSwiftPackageReference "swift-markdown-ui" */ = {
			isa = XCRemoteSwiftPackageReference;
			repositoryURL = "https://github.com/gonzalezreal/swift-markdown-ui";
			requirement = {
				kind = upToNextMajorVersion;
				minimumVersion = 2.4.1;
			};
		};
/* End XCRemoteSwiftPackageReference section */

/* Begin XCSwiftPackageProductDependency section */
		5E55B2682F30A44D00B04C0C /* Starscream */ = {
			isa = XCSwiftPackageProductDependency;
			package = 5E55B2672F30A44D00B04C0C /* XCRemoteSwiftPackageReference "Starscream" */;
			productName = Starscream;
		};
		5EB3B75E2F31A16C00147C19 /* MarkdownUI */ = {
			isa = XCSwiftPackageProductDependency;
			package = 5EB3B75D2F31A16C00147C19 /* XCRemoteSwiftPackageReference "swift-markdown-ui" */;
			productName = MarkdownUI;
		};
/* End XCSwiftPackageProductDependency section */
	};
	rootObject = 5EDD13A42F30420D00F1C3D3 /* Project object */;
}
